
Microsoft Visual Studio Solution File, Format Version 12.00
# Visual Studio Version 16
VisualStudioVersion = 16.0.31424.327
MinimumVisualStudioVersion = 10.0.40219.1
Project("{FAE04EC0-301F-11D3-BF4B-00C04F79EFBC}") = "temp", "temp\temp.csproj", "{F44903D6-39AF-4D8C-900A-3FBBE504F6F7}"
EndProject
Global
	GlobalSection(SolutionConfigurationPlatforms) = preSolution
		Debug|Any CPU = Debug|Any CPU
		Release|Any CPU = Release|Any CPU
	EndGlobalSection
	GlobalSection(ProjectConfigurationPlatforms) = postSolution
		{F44903D6-39AF-4D8C-900A-3FBBE504F6F7}.Debug|Any CPU.ActiveCfg = Debug|Any CPU
		{F44903D6-39AF-4D8C-900A-3FBBE504F6F7}.Debug|Any CPU.Build.0 = Debug|Any CPU
		{F44903D6-39AF-4D8C-900A-3FBBE504F6F7}.Release|Any CPU.ActiveCfg = Release|Any CPU
		{F44903D6-39AF-4D8C-900A-3FBBE504F6F7}.Release|Any CPU.Build.0 = Release|Any CPU
	EndGlobalSection
	GlobalSection(SolutionProperties) = preSolution
		HideSolutionNode = FALSE
	EndGlobalSection
	GlobalSection(ExtensibilityGlobals) = postSolution
		SolutionGuid = {53283993-07E8-432F-A61C-16F59E242566}
	EndGlobalSection
EndGlobal
