
Microsoft Visual Studio Solution File, Format Version 12.00
# Visual Studio Version 16
VisualStudioVersion = 16.0.31424.327
MinimumVisualStudioVersion = 10.0.40219.1
Project("{FAE04EC0-301F-11D3-BF4B-00C04F79EFBC}") = "MeuApp", "MeuApp\MeuApp.csproj", "{7D832B6A-7905-44DB-A52D-A43824203C6E}"
EndProject
Global
	GlobalSection(SolutionConfigurationPlatforms) = preSolution
		Debug|Any CPU = Debug|Any CPU
		Release|Any CPU = Release|Any CPU
	EndGlobalSection
	GlobalSection(ProjectConfigurationPlatforms) = postSolution
		{7D832B6A-7905-44DB-A52D-A43824203C6E}.Debug|Any CPU.ActiveCfg = Debug|Any CPU
		{7D832B6A-7905-44DB-A52D-A43824203C6E}.Debug|Any CPU.Build.0 = Debug|Any CPU
		{7D832B6A-7905-44DB-A52D-A43824203C6E}.Release|Any CPU.ActiveCfg = Release|Any CPU
		{7D832B6A-7905-44DB-A52D-A43824203C6E}.Release|Any CPU.Build.0 = Release|Any CPU
	EndGlobalSection
	GlobalSection(SolutionProperties) = preSolution
		HideSolutionNode = FALSE
	EndGlobalSection
	GlobalSection(ExtensibilityGlobals) = postSolution
		SolutionGuid = {C35262AE-7A78-4B0B-ABC0-22F3F1266618}
	EndGlobalSection
EndGlobal
