
Microsoft Visual Studio Solution File, Format Version 12.00
# Visual Studio Version 16
VisualStudioVersion = 16.0.31424.327
MinimumVisualStudioVersion = 10.0.40219.1
Project("{FAE04EC0-301F-11D3-BF4B-00C04F79EFBC}") = "Parte001", "Parte001\Parte001.csproj", "{2E797025-1C4F-4A48-9869-770AA384C489}"
EndProject
Global
	GlobalSection(SolutionConfigurationPlatforms) = preSolution
		Debug|Any CPU = Debug|Any CPU
		Release|Any CPU = Release|Any CPU
	EndGlobalSection
	GlobalSection(ProjectConfigurationPlatforms) = postSolution
		{2E797025-1C4F-4A48-9869-770AA384C489}.Debug|Any CPU.ActiveCfg = Debug|Any CPU
		{2E797025-1C4F-4A48-9869-770AA384C489}.Debug|Any CPU.Build.0 = Debug|Any CPU
		{2E797025-1C4F-4A48-9869-770AA384C489}.Release|Any CPU.ActiveCfg = Release|Any CPU
		{2E797025-1C4F-4A48-9869-770AA384C489}.Release|Any CPU.Build.0 = Release|Any CPU
	EndGlobalSection
	GlobalSection(SolutionProperties) = preSolution
		HideSolutionNode = FALSE
	EndGlobalSection
	GlobalSection(ExtensibilityGlobals) = postSolution
		SolutionGuid = {DECE4269-8F84-442A-A88F-D9F8EBACFDA4}
	EndGlobalSection
EndGlobal
