
Microsoft Visual Studio Solution File, Format Version 12.00
# Visual Studio Version 16
VisualStudioVersion = 16.0.31424.327
MinimumVisualStudioVersion = 10.0.40219.1
Project("{FAE04EC0-301F-11D3-BF4B-00C04F79EFBC}") = "Operadores", "Operadores\Operadores.csproj", "{8F68167D-BDFF-4D2D-B6E4-B5F77590773F}"
EndProject
Global
	GlobalSection(SolutionConfigurationPlatforms) = preSolution
		Debug|Any CPU = Debug|Any CPU
		Release|Any CPU = Release|Any CPU
	EndGlobalSection
	GlobalSection(ProjectConfigurationPlatforms) = postSolution
		{8F68167D-BDFF-4D2D-B6E4-B5F77590773F}.Debug|Any CPU.ActiveCfg = Debug|Any CPU
		{8F68167D-BDFF-4D2D-B6E4-B5F77590773F}.Debug|Any CPU.Build.0 = Debug|Any CPU
		{8F68167D-BDFF-4D2D-B6E4-B5F77590773F}.Release|Any CPU.ActiveCfg = Release|Any CPU
		{8F68167D-BDFF-4D2D-B6E4-B5F77590773F}.Release|Any CPU.Build.0 = Release|Any CPU
	EndGlobalSection
	GlobalSection(SolutionProperties) = preSolution
		HideSolutionNode = FALSE
	EndGlobalSection
	GlobalSection(ExtensibilityGlobals) = postSolution
		SolutionGuid = {96FE311D-A93A-42E4-B039-A3B45094DFA2}
	EndGlobalSection
EndGlobal
