
Microsoft Visual Studio Solution File, Format Version 12.00
# Visual Studio Version 16
VisualStudioVersion = 16.0.31424.327
MinimumVisualStudioVersion = 10.0.40219.1
Project("{FAE04EC0-301F-11D3-BF4B-00C04F79EFBC}") = "Arquivo", "Arquivo\Arquivo.csproj", "{4D619D9D-D929-4671-8E96-A316031AE394}"
EndProject
Project("{FAE04EC0-301F-11D3-BF4B-00C04F79EFBC}") = "ArquivoInfo", "ArquivoInfo\ArquivoInfo.csproj", "{7E293F24-D6C7-47E5-960C-C30DE8F5683D}"
EndProject
Project("{FAE04EC0-301F-11D3-BF4B-00C04F79EFBC}") = "Diretorio", "Diretorio\Diretorio.csproj", "{B97EE9A6-C143-415B-BBD4-3FD8A91C771D}"
EndProject
Project("{FAE04EC0-301F-11D3-BF4B-00C04F79EFBC}") = "Info", "Info\Info.csproj", "{923A2BE6-D886-42ED-A61A-7AEE095FC6D1}"
EndProject
Project("{FAE04EC0-301F-11D3-BF4B-00C04F79EFBC}") = "LerEscrever", "LerEscrever\LerEscrever.csproj", "{5F307908-CF64-43B9-AABB-5194D32AD40E}"
EndProject
Global
	GlobalSection(SolutionConfigurationPlatforms) = preSolution
		Debug|Any CPU = Debug|Any CPU
		Release|Any CPU = Release|Any CPU
	EndGlobalSection
	GlobalSection(ProjectConfigurationPlatforms) = postSolution
		{4D619D9D-D929-4671-8E96-A316031AE394}.Debug|Any CPU.ActiveCfg = Debug|Any CPU
		{4D619D9D-D929-4671-8E96-A316031AE394}.Debug|Any CPU.Build.0 = Debug|Any CPU
		{4D619D9D-D929-4671-8E96-A316031AE394}.Release|Any CPU.ActiveCfg = Release|Any CPU
		{4D619D9D-D929-4671-8E96-A316031AE394}.Release|Any CPU.Build.0 = Release|Any CPU
		{7E293F24-D6C7-47E5-960C-C30DE8F5683D}.Debug|Any CPU.ActiveCfg = Debug|Any CPU
		{7E293F24-D6C7-47E5-960C-C30DE8F5683D}.Debug|Any CPU.Build.0 = Debug|Any CPU
		{7E293F24-D6C7-47E5-960C-C30DE8F5683D}.Release|Any CPU.ActiveCfg = Release|Any CPU
		{7E293F24-D6C7-47E5-960C-C30DE8F5683D}.Release|Any CPU.Build.0 = Release|Any CPU
		{B97EE9A6-C143-415B-BBD4-3FD8A91C771D}.Debug|Any CPU.ActiveCfg = Debug|Any CPU
		{B97EE9A6-C143-415B-BBD4-3FD8A91C771D}.Debug|Any CPU.Build.0 = Debug|Any CPU
		{B97EE9A6-C143-415B-BBD4-3FD8A91C771D}.Release|Any CPU.ActiveCfg = Release|Any CPU
		{B97EE9A6-C143-415B-BBD4-3FD8A91C771D}.Release|Any CPU.Build.0 = Release|Any CPU
		{923A2BE6-D886-42ED-A61A-7AEE095FC6D1}.Debug|Any CPU.ActiveCfg = Debug|Any CPU
		{923A2BE6-D886-42ED-A61A-7AEE095FC6D1}.Debug|Any CPU.Build.0 = Debug|Any CPU
		{923A2BE6-D886-42ED-A61A-7AEE095FC6D1}.Release|Any CPU.ActiveCfg = Release|Any CPU
		{923A2BE6-D886-42ED-A61A-7AEE095FC6D1}.Release|Any CPU.Build.0 = Release|Any CPU
		{5F307908-CF64-43B9-AABB-5194D32AD40E}.Debug|Any CPU.ActiveCfg = Debug|Any CPU
		{5F307908-CF64-43B9-AABB-5194D32AD40E}.Debug|Any CPU.Build.0 = Debug|Any CPU
		{5F307908-CF64-43B9-AABB-5194D32AD40E}.Release|Any CPU.ActiveCfg = Release|Any CPU
		{5F307908-CF64-43B9-AABB-5194D32AD40E}.Release|Any CPU.Build.0 = Release|Any CPU
	EndGlobalSection
	GlobalSection(SolutionProperties) = preSolution
		HideSolutionNode = FALSE
	EndGlobalSection
	GlobalSection(ExtensibilityGlobals) = postSolution
		SolutionGuid = {4C8B57AC-2458-4626-A498-6DC3D8407A37}
	EndGlobalSection
EndGlobal
