
Microsoft Visual Studio Solution File, Format Version 12.00
# Visual Studio Version 16
VisualStudioVersion = 16.0.31424.327
MinimumVisualStudioVersion = 10.0.40219.1
Project("{FAE04EC0-301F-11D3-BF4B-00C04F79EFBC}") = "ConversorTemperaturas", "ConversorTemperaturas\ConversorTemperaturas.csproj", "{401C07F4-F873-4BF3-8DC6-58B2FEACBFBA}"
EndProject
Global
	GlobalSection(SolutionConfigurationPlatforms) = preSolution
		Debug|Any CPU = Debug|Any CPU
		Release|Any CPU = Release|Any CPU
	EndGlobalSection
	GlobalSection(ProjectConfigurationPlatforms) = postSolution
		{401C07F4-F873-4BF3-8DC6-58B2FEACBFBA}.Debug|Any CPU.ActiveCfg = Debug|Any CPU
		{401C07F4-F873-4BF3-8DC6-58B2FEACBFBA}.Debug|Any CPU.Build.0 = Debug|Any CPU
		{401C07F4-F873-4BF3-8DC6-58B2FEACBFBA}.Release|Any CPU.ActiveCfg = Release|Any CPU
		{401C07F4-F873-4BF3-8DC6-58B2FEACBFBA}.Release|Any CPU.Build.0 = Release|Any CPU
	EndGlobalSection
	GlobalSection(SolutionProperties) = preSolution
		HideSolutionNode = FALSE
	EndGlobalSection
	GlobalSection(ExtensibilityGlobals) = postSolution
		SolutionGuid = {54B7852F-FDA2-4097-89B0-486E70F58934}
	EndGlobalSection
EndGlobal
