
Microsoft Visual Studio Solution File, Format Version 12.00
# Visual Studio Version 16
VisualStudioVersion = 16.0.31424.327
MinimumVisualStudioVersion = 10.0.40219.1
Project("{FAE04EC0-301F-11D3-BF4B-00C04F79EFBC}") = "Comentarios", "Comentarios\Comentarios.csproj", "{33161083-F804-4B05-B514-9FF4DA9D4CA5}"
EndProject
Global
	GlobalSection(SolutionConfigurationPlatforms) = preSolution
		Debug|Any CPU = Debug|Any CPU
		Release|Any CPU = Release|Any CPU
	EndGlobalSection
	GlobalSection(ProjectConfigurationPlatforms) = postSolution
		{33161083-F804-4B05-B514-9FF4DA9D4CA5}.Debug|Any CPU.ActiveCfg = Debug|Any CPU
		{33161083-F804-4B05-B514-9FF4DA9D4CA5}.Debug|Any CPU.Build.0 = Debug|Any CPU
		{33161083-F804-4B05-B514-9FF4DA9D4CA5}.Release|Any CPU.ActiveCfg = Release|Any CPU
		{33161083-F804-4B05-B514-9FF4DA9D4CA5}.Release|Any CPU.Build.0 = Release|Any CPU
	EndGlobalSection
	GlobalSection(SolutionProperties) = preSolution
		HideSolutionNode = FALSE
	EndGlobalSection
	GlobalSection(ExtensibilityGlobals) = postSolution
		SolutionGuid = {7D3D6F7E-1681-4B82-8ACE-598E10EBAEA4}
	EndGlobalSection
EndGlobal
