
Microsoft Visual Studio Solution File, Format Version 12.00
# Visual Studio Version 16
VisualStudioVersion = 16.0.31424.327
MinimumVisualStudioVersion = 10.0.40219.1
Project("{FAE04EC0-301F-11D3-BF4B-00C04F79EFBC}") = "MySqlTeste", "MySqlTeste\MySqlTeste.csproj", "{2921EA2C-31ED-404D-AD02-F8A13EDB435C}"
EndProject
Global
	GlobalSection(SolutionConfigurationPlatforms) = preSolution
		Debug|Any CPU = Debug|Any CPU
		Release|Any CPU = Release|Any CPU
	EndGlobalSection
	GlobalSection(ProjectConfigurationPlatforms) = postSolution
		{2921EA2C-31ED-404D-AD02-F8A13EDB435C}.Debug|Any CPU.ActiveCfg = Debug|Any CPU
		{2921EA2C-31ED-404D-AD02-F8A13EDB435C}.Debug|Any CPU.Build.0 = Debug|Any CPU
		{2921EA2C-31ED-404D-AD02-F8A13EDB435C}.Release|Any CPU.ActiveCfg = Release|Any CPU
		{2921EA2C-31ED-404D-AD02-F8A13EDB435C}.Release|Any CPU.Build.0 = Release|Any CPU
	EndGlobalSection
	GlobalSection(SolutionProperties) = preSolution
		HideSolutionNode = FALSE
	EndGlobalSection
	GlobalSection(ExtensibilityGlobals) = postSolution
		SolutionGuid = {808C251B-B859-41EE-A88C-667B318E6E70}
	EndGlobalSection
EndGlobal
