
Microsoft Visual Studio Solution File, Format Version 12.00
# Visual Studio Version 16
VisualStudioVersion = 16.0.31424.327
MinimumVisualStudioVersion = 10.0.40219.1
Project("{FAE04EC0-301F-11D3-BF4B-00C04F79EFBC}") = "ManipularStrings", "ManipularStrings\ManipularStrings.csproj", "{90F2E189-C64A-4886-9A15-E20B8ABDAD39}"
EndProject
Global
	GlobalSection(SolutionConfigurationPlatforms) = preSolution
		Debug|Any CPU = Debug|Any CPU
		Release|Any CPU = Release|Any CPU
	EndGlobalSection
	GlobalSection(ProjectConfigurationPlatforms) = postSolution
		{90F2E189-C64A-4886-9A15-E20B8ABDAD39}.Debug|Any CPU.ActiveCfg = Debug|Any CPU
		{90F2E189-C64A-4886-9A15-E20B8ABDAD39}.Debug|Any CPU.Build.0 = Debug|Any CPU
		{90F2E189-C64A-4886-9A15-E20B8ABDAD39}.Release|Any CPU.ActiveCfg = Release|Any CPU
		{90F2E189-C64A-4886-9A15-E20B8ABDAD39}.Release|Any CPU.Build.0 = Release|Any CPU
	EndGlobalSection
	GlobalSection(SolutionProperties) = preSolution
		HideSolutionNode = FALSE
	EndGlobalSection
	GlobalSection(ExtensibilityGlobals) = postSolution
		SolutionGuid = {2A48D821-D937-41BE-9012-E9FFC631AA44}
	EndGlobalSection
EndGlobal
