
Microsoft Visual Studio Solution File, Format Version 12.00
# Visual Studio Version 16
VisualStudioVersion = 16.0.31424.327
MinimumVisualStudioVersion = 10.0.40219.1
Project("{FAE04EC0-301F-11D3-BF4B-00C04F79EFBC}") = "InverterNomes", "InverterNomes\InverterNomes.csproj", "{1971C64E-8E66-44D9-AD7F-3511715E1EAA}"
EndProject
Global
	GlobalSection(SolutionConfigurationPlatforms) = preSolution
		Debug|Any CPU = Debug|Any CPU
		Release|Any CPU = Release|Any CPU
	EndGlobalSection
	GlobalSection(ProjectConfigurationPlatforms) = postSolution
		{1971C64E-8E66-44D9-AD7F-3511715E1EAA}.Debug|Any CPU.ActiveCfg = Debug|Any CPU
		{1971C64E-8E66-44D9-AD7F-3511715E1EAA}.Debug|Any CPU.Build.0 = Debug|Any CPU
		{1971C64E-8E66-44D9-AD7F-3511715E1EAA}.Release|Any CPU.ActiveCfg = Release|Any CPU
		{1971C64E-8E66-44D9-AD7F-3511715E1EAA}.Release|Any CPU.Build.0 = Release|Any CPU
	EndGlobalSection
	GlobalSection(SolutionProperties) = preSolution
		HideSolutionNode = FALSE
	EndGlobalSection
	GlobalSection(ExtensibilityGlobals) = postSolution
		SolutionGuid = {5EE3C06E-8E20-4E68-A58D-3200A14C2963}
	EndGlobalSection
EndGlobal
