
Microsoft Visual Studio Solution File, Format Version 12.00
# Visual Studio Version 16
VisualStudioVersion = 16.0.31424.327
MinimumVisualStudioVersion = 10.0.40219.1
Project("{FAE04EC0-301F-11D3-BF4B-00C04F79EFBC}") = "BaseDados", "BaseDados\BaseDados.csproj", "{F63844CE-73AB-4C09-B5F5-48E25FFF4A95}"
EndProject
Global
	GlobalSection(SolutionConfigurationPlatforms) = preSolution
		Debug|Any CPU = Debug|Any CPU
		Release|Any CPU = Release|Any CPU
	EndGlobalSection
	GlobalSection(ProjectConfigurationPlatforms) = postSolution
		{F63844CE-73AB-4C09-B5F5-48E25FFF4A95}.Debug|Any CPU.ActiveCfg = Debug|Any CPU
		{F63844CE-73AB-4C09-B5F5-48E25FFF4A95}.Debug|Any CPU.Build.0 = Debug|Any CPU
		{F63844CE-73AB-4C09-B5F5-48E25FFF4A95}.Release|Any CPU.ActiveCfg = Release|Any CPU
		{F63844CE-73AB-4C09-B5F5-48E25FFF4A95}.Release|Any CPU.Build.0 = Release|Any CPU
	EndGlobalSection
	GlobalSection(SolutionProperties) = preSolution
		HideSolutionNode = FALSE
	EndGlobalSection
	GlobalSection(ExtensibilityGlobals) = postSolution
		SolutionGuid = {9B508B38-C811-471C-A6D5-2FA221309E4C}
	EndGlobalSection
EndGlobal
